
Microsoft Visual Studio Solution File, Format Version 12.00
# Visual Studio Version 16
VisualStudioVersion = 16.0.30114.105
MinimumVisualStudioVersion = 10.0.40219.1
Project("{FAE04EC0-301F-11D3-BF4B-00C04F79EFBC}") = "PairKeyConfiguration", "src\PairKeyConfiguration.csproj", "{EB59C168-4CFA-4A4A-A868-1D08FDFD95F3}"
EndProject
Project("{FAE04EC0-301F-11D3-BF4B-00C04F79EFBC}") = "test", "test\test.csproj", "{EA77438D-B7ED-478C-8EEB-C23E68833D09}"
EndProject
Global
	GlobalSection(SolutionConfigurationPlatforms) = preSolution
		Debug|Any CPU = Debug|Any CPU
		Release|Any CPU = Release|Any CPU
	EndGlobalSection
	GlobalSection(SolutionProperties) = preSolution
		HideSolutionNode = FALSE
	EndGlobalSection
	GlobalSection(ProjectConfigurationPlatforms) = postSolution
		{EB59C168-4CFA-4A4A-A868-1D08FDFD95F3}.Debug|Any CPU.ActiveCfg = Debug|Any CPU
		{EB59C168-4CFA-4A4A-A868-1D08FDFD95F3}.Debug|Any CPU.Build.0 = Debug|Any CPU
		{EB59C168-4CFA-4A4A-A868-1D08FDFD95F3}.Release|Any CPU.ActiveCfg = Release|Any CPU
		{EB59C168-4CFA-4A4A-A868-1D08FDFD95F3}.Release|Any CPU.Build.0 = Release|Any CPU
		{EA77438D-B7ED-478C-8EEB-C23E68833D09}.Debug|Any CPU.ActiveCfg = Debug|Any CPU
		{EA77438D-B7ED-478C-8EEB-C23E68833D09}.Debug|Any CPU.Build.0 = Debug|Any CPU
		{EA77438D-B7ED-478C-8EEB-C23E68833D09}.Release|Any CPU.ActiveCfg = Release|Any CPU
		{EA77438D-B7ED-478C-8EEB-C23E68833D09}.Release|Any CPU.Build.0 = Release|Any CPU
	EndGlobalSection
EndGlobal
